
Microsoft Visual Studio Solution File, Format Version 12.00
# Visual Studio Version 16
VisualStudioVersion = 16.0.33801.447
MinimumVisualStudioVersion = 10.0.40219.1
Project("{2150E333-8FDC-42A3-9474-1A3956D46DE8}") = "Application", "Application", "{3528E735-0B95-4D17-87C5-2AF56015B852}"
EndProject
Project("{FAE04EC0-301F-11D3-BF4B-00C04F79EFBC}") = "VMSCore.Infrastructure", "VMSCore.Infrastructure\VMSCore.Infrastructure.csproj", "{66781962-B3F6-4BEF-99A9-81118B9E8553}"
EndProject
Project("{FAE04EC0-301F-11D3-BF4B-00C04F79EFBC}") = "VMSCore.Demo.WindowsForms", "VMSCore.Demo.WindowsForms\VMSCore.Demo.WindowsForms.csproj", "{ED2B1693-F040-45E7-A406-3A9B95EEDB92}"
EndProject
Project("{2150E333-8FDC-42A3-9474-1A3956D46DE8}") = "Core", "Core", "{3D009988-52E1-4807-A35F-8DDCE41D177C}"
EndProject
Project("{FAE04EC0-301F-11D3-BF4B-00C04F79EFBC}") = "VMSCore.Constant", "VMSCore.Constant\VMSCore.Constant.csproj", "{5101294B-3F78-48CB-AA08-F9F8E5D64583}"
EndProject
Project("{FAE04EC0-301F-11D3-BF4B-00C04F79EFBC}") = "VMSCore.EntityModels", "VMSCore.EntityModels\VMSCore.EntityModels.csproj", "{1ED555ED-4142-4359-BA1F-83F81FB65B5A}"
EndProject
Project("{FAE04EC0-301F-11D3-BF4B-00C04F79EFBC}") = "VMSCore.Extensions", "VMSCore.Extensions\VMSCore.Extensions.csproj", "{3FEBFFB2-7575-4C2C-9141-7A2EA86C48D3}"
EndProject
Project("{FAE04EC0-301F-11D3-BF4B-00C04F79EFBC}") = "VMSCore.Repositories", "VMSCore.Repositories\VMSCore.Repositories.csproj", "{5B7E2F34-1834-4DD1-88F7-ABEEDE5BF821}"
EndProject
Project("{FAE04EC0-301F-11D3-BF4B-00C04F79EFBC}") = "VMSCore.Resources", "VMSCore.Resources\VMSCore.Resources.csproj", "{86CB4271-113B-440E-970B-CA14C3131D08}"
EndProject
Project("{FAE04EC0-301F-11D3-BF4B-00C04F79EFBC}") = "VMSCore.ViewModels", "VMSCore.ViewModels\VMSCore.ViewModels.csproj", "{9E6D4C80-C34C-462A-82B9-5837D81D996B}"
EndProject
Project("{FAE04EC0-301F-11D3-BF4B-00C04F79EFBC}") = "VMSCore.Core", "VMSCore.Core\VMSCore.Core.csproj", "{F99715F3-AA9A-4BED-926D-31C43DE11C75}"
EndProject
Project("{9A19103F-16F7-4668-BE54-9A1E7A4F7556}") = "VMSCore.API", "VMSCore.API\VMSCore.API.csproj", "{F5DAD937-AE22-45DF-B6EB-29221DF867A6}"
EndProject
Project("{2150E333-8FDC-42A3-9474-1A3956D46DE8}") = "API", "API", "{5BA36429-519C-411F-89B2-5EA23F670D1B}"
EndProject
Project("{9A19103F-16F7-4668-BE54-9A1E7A4F7556}") = "VMSCore.API.EntityModels", "VMSCore.API.EntityModels\VMSCore.API.EntityModels.csproj", "{AD0BC01E-E752-4751-BBF2-35D23AB448EE}"
EndProject
Global
	GlobalSection(SolutionConfigurationPlatforms) = preSolution
		Debug|Any CPU = Debug|Any CPU
		Release|Any CPU = Release|Any CPU
	EndGlobalSection
	GlobalSection(ProjectConfigurationPlatforms) = postSolution
		{66781962-B3F6-4BEF-99A9-81118B9E8553}.Debug|Any CPU.ActiveCfg = Debug|Any CPU
		{66781962-B3F6-4BEF-99A9-81118B9E8553}.Debug|Any CPU.Build.0 = Debug|Any CPU
		{66781962-B3F6-4BEF-99A9-81118B9E8553}.Release|Any CPU.ActiveCfg = Release|Any CPU
		{66781962-B3F6-4BEF-99A9-81118B9E8553}.Release|Any CPU.Build.0 = Release|Any CPU
		{ED2B1693-F040-45E7-A406-3A9B95EEDB92}.Debug|Any CPU.ActiveCfg = Debug|Any CPU
		{ED2B1693-F040-45E7-A406-3A9B95EEDB92}.Debug|Any CPU.Build.0 = Debug|Any CPU
		{ED2B1693-F040-45E7-A406-3A9B95EEDB92}.Release|Any CPU.ActiveCfg = Release|Any CPU
		{ED2B1693-F040-45E7-A406-3A9B95EEDB92}.Release|Any CPU.Build.0 = Release|Any CPU
		{5101294B-3F78-48CB-AA08-F9F8E5D64583}.Debug|Any CPU.ActiveCfg = Debug|Any CPU
		{5101294B-3F78-48CB-AA08-F9F8E5D64583}.Debug|Any CPU.Build.0 = Debug|Any CPU
		{5101294B-3F78-48CB-AA08-F9F8E5D64583}.Release|Any CPU.ActiveCfg = Release|Any CPU
		{5101294B-3F78-48CB-AA08-F9F8E5D64583}.Release|Any CPU.Build.0 = Release|Any CPU
		{1ED555ED-4142-4359-BA1F-83F81FB65B5A}.Debug|Any CPU.ActiveCfg = Debug|Any CPU
		{1ED555ED-4142-4359-BA1F-83F81FB65B5A}.Debug|Any CPU.Build.0 = Debug|Any CPU
		{1ED555ED-4142-4359-BA1F-83F81FB65B5A}.Release|Any CPU.ActiveCfg = Release|Any CPU
		{1ED555ED-4142-4359-BA1F-83F81FB65B5A}.Release|Any CPU.Build.0 = Release|Any CPU
		{3FEBFFB2-7575-4C2C-9141-7A2EA86C48D3}.Debug|Any CPU.ActiveCfg = Debug|Any CPU
		{3FEBFFB2-7575-4C2C-9141-7A2EA86C48D3}.Debug|Any CPU.Build.0 = Debug|Any CPU
		{3FEBFFB2-7575-4C2C-9141-7A2EA86C48D3}.Release|Any CPU.ActiveCfg = Release|Any CPU
		{3FEBFFB2-7575-4C2C-9141-7A2EA86C48D3}.Release|Any CPU.Build.0 = Release|Any CPU
		{5B7E2F34-1834-4DD1-88F7-ABEEDE5BF821}.Debug|Any CPU.ActiveCfg = Debug|Any CPU
		{5B7E2F34-1834-4DD1-88F7-ABEEDE5BF821}.Debug|Any CPU.Build.0 = Debug|Any CPU
		{5B7E2F34-1834-4DD1-88F7-ABEEDE5BF821}.Release|Any CPU.ActiveCfg = Release|Any CPU
		{5B7E2F34-1834-4DD1-88F7-ABEEDE5BF821}.Release|Any CPU.Build.0 = Release|Any CPU
		{86CB4271-113B-440E-970B-CA14C3131D08}.Debug|Any CPU.ActiveCfg = Debug|Any CPU
		{86CB4271-113B-440E-970B-CA14C3131D08}.Debug|Any CPU.Build.0 = Debug|Any CPU
		{86CB4271-113B-440E-970B-CA14C3131D08}.Release|Any CPU.ActiveCfg = Release|Any CPU
		{86CB4271-113B-440E-970B-CA14C3131D08}.Release|Any CPU.Build.0 = Release|Any CPU
		{9E6D4C80-C34C-462A-82B9-5837D81D996B}.Debug|Any CPU.ActiveCfg = Debug|Any CPU
		{9E6D4C80-C34C-462A-82B9-5837D81D996B}.Debug|Any CPU.Build.0 = Debug|Any CPU
		{9E6D4C80-C34C-462A-82B9-5837D81D996B}.Release|Any CPU.ActiveCfg = Release|Any CPU
		{9E6D4C80-C34C-462A-82B9-5837D81D996B}.Release|Any CPU.Build.0 = Release|Any CPU
		{F99715F3-AA9A-4BED-926D-31C43DE11C75}.Debug|Any CPU.ActiveCfg = Debug|Any CPU
		{F99715F3-AA9A-4BED-926D-31C43DE11C75}.Debug|Any CPU.Build.0 = Debug|Any CPU
		{F99715F3-AA9A-4BED-926D-31C43DE11C75}.Release|Any CPU.ActiveCfg = Release|Any CPU
		{F99715F3-AA9A-4BED-926D-31C43DE11C75}.Release|Any CPU.Build.0 = Release|Any CPU
		{F5DAD937-AE22-45DF-B6EB-29221DF867A6}.Debug|Any CPU.ActiveCfg = Debug|Any CPU
		{F5DAD937-AE22-45DF-B6EB-29221DF867A6}.Debug|Any CPU.Build.0 = Debug|Any CPU
		{F5DAD937-AE22-45DF-B6EB-29221DF867A6}.Release|Any CPU.ActiveCfg = Release|Any CPU
		{F5DAD937-AE22-45DF-B6EB-29221DF867A6}.Release|Any CPU.Build.0 = Release|Any CPU
		{AD0BC01E-E752-4751-BBF2-35D23AB448EE}.Debug|Any CPU.ActiveCfg = Debug|Any CPU
		{AD0BC01E-E752-4751-BBF2-35D23AB448EE}.Debug|Any CPU.Build.0 = Debug|Any CPU
		{AD0BC01E-E752-4751-BBF2-35D23AB448EE}.Release|Any CPU.ActiveCfg = Release|Any CPU
		{AD0BC01E-E752-4751-BBF2-35D23AB448EE}.Release|Any CPU.Build.0 = Release|Any CPU
	EndGlobalSection
	GlobalSection(SolutionProperties) = preSolution
		HideSolutionNode = FALSE
	EndGlobalSection
	GlobalSection(NestedProjects) = preSolution
		{66781962-B3F6-4BEF-99A9-81118B9E8553} = {3D009988-52E1-4807-A35F-8DDCE41D177C}
		{ED2B1693-F040-45E7-A406-3A9B95EEDB92} = {3528E735-0B95-4D17-87C5-2AF56015B852}
		{5101294B-3F78-48CB-AA08-F9F8E5D64583} = {3D009988-52E1-4807-A35F-8DDCE41D177C}
		{1ED555ED-4142-4359-BA1F-83F81FB65B5A} = {3D009988-52E1-4807-A35F-8DDCE41D177C}
		{3FEBFFB2-7575-4C2C-9141-7A2EA86C48D3} = {3D009988-52E1-4807-A35F-8DDCE41D177C}
		{5B7E2F34-1834-4DD1-88F7-ABEEDE5BF821} = {3D009988-52E1-4807-A35F-8DDCE41D177C}
		{86CB4271-113B-440E-970B-CA14C3131D08} = {3D009988-52E1-4807-A35F-8DDCE41D177C}
		{9E6D4C80-C34C-462A-82B9-5837D81D996B} = {3D009988-52E1-4807-A35F-8DDCE41D177C}
		{F99715F3-AA9A-4BED-926D-31C43DE11C75} = {3D009988-52E1-4807-A35F-8DDCE41D177C}
		{F5DAD937-AE22-45DF-B6EB-29221DF867A6} = {5BA36429-519C-411F-89B2-5EA23F670D1B}
		{AD0BC01E-E752-4751-BBF2-35D23AB448EE} = {5BA36429-519C-411F-89B2-5EA23F670D1B}
	EndGlobalSection
	GlobalSection(ExtensibilityGlobals) = postSolution
		SolutionGuid = {28AE335E-453E-42C0-9258-928DDD727570}
	EndGlobalSection
EndGlobal
